// !$*UTF8*$!
{
	archiveVersion = 1;
	classes = {
	};
	objectVersion = 50;
	objects = {

/* Begin PBXFileReference section */
		5282A9EF25F3CFD50088D1C6 /* demo */ = {isa = PBXFileReference; lastKnownFileType = folder; path = demo; sourceTree = "<group>"; };
		5282A9F025F3CFD50088D1C6 /* basics */ = {isa = PBXFileReference; lastKnownFileType = folder; path = basics; sourceTree = "<group>"; };
		5282A9F125F3CFD50088D1C6 /* .DS_Store */ = {isa = PBXFileReference; lastKnownFileType = file; path = .DS_Store; sourceTree = "<group>"; };
		5282A9F225F3CFD50088D1C6 /* forms */ = {isa = PBXFileReference; lastKnownFileType = folder; path = forms; sourceTree = "<group>"; };
		5282A9F325F3CFD50088D1C6 /* Makefile */ = {isa = PBXFileReference; lastKnownFileType = sourcecode.make; path = Makefile; sourceTree = "<group>"; };
		5282A9F425F3CFD50088D1C6 /* JustForFun */ = {isa = PBXFileReference; lastKnownFileType = folder; path = JustForFun; sourceTree = "<group>"; };
		5282A9F525F3CFD50088D1C6 /* perl */ = {isa = PBXFileReference; lastKnownFileType = folder; path = perl; sourceTree = "<group>"; };
		5282A9F625F3CFD50088D1C6 /* panels */ = {isa = PBXFileReference; lastKnownFileType = folder; path = panels; sourceTree = "<group>"; };
		5282A9F725F3CFD50088D1C6 /* README */ = {isa = PBXFileReference; lastKnownFileType = text; path = README; sourceTree = "<group>"; };
		5282A9F825F3CFD50088D1C6 /* COPYING */ = {isa = PBXFileReference; lastKnownFileType = text; path = COPYING; sourceTree = "<group>"; };
		5282A9F925F3CFD50088D1C6 /* menus */ = {isa = PBXFileReference; lastKnownFileType = folder; path = menus; sourceTree = "<group>"; };
/* End PBXFileReference section */

/* Begin PBXGroup section */
		5282A9E925F3CFD50088D1C6 = {
			isa = PBXGroup;
			children = (
				5282A9EF25F3CFD50088D1C6 /* demo */,
				5282A9F025F3CFD50088D1C6 /* basics */,
				5282A9F125F3CFD50088D1C6 /* .DS_Store */,
				5282A9F225F3CFD50088D1C6 /* forms */,
				5282A9F325F3CFD50088D1C6 /* Makefile */,
				5282A9F425F3CFD50088D1C6 /* JustForFun */,
				5282A9F525F3CFD50088D1C6 /* perl */,
				5282A9F625F3CFD50088D1C6 /* panels */,
				5282A9F725F3CFD50088D1C6 /* README */,
				5282A9F825F3CFD50088D1C6 /* COPYING */,
				5282A9F925F3CFD50088D1C6 /* menus */,
			);
			sourceTree = "<group>";
		};
/* End PBXGroup section */

/* Begin PBXLegacyTarget section */
		5282A9EE25F3CFD50088D1C6 /* ncurses_programs */ = {
			isa = PBXLegacyTarget;
			buildArgumentsString = "$(ACTION)";
			buildConfigurationList = 5282A9FA25F3CFD50088D1C6 /* Build configuration list for PBXLegacyTarget "ncurses_programs" */;
			buildPhases = (
			);
			buildToolPath = /usr/bin/make;
			buildWorkingDirectory = /Users/aidanmcphelim/Documents/ncurses/ncurses_programs;
			dependencies = (
			);
			name = ncurses_programs;
			passBuildSettingsInEnvironment = 1;
			productName = ncurses_programs;
		};
/* End PBXLegacyTarget section */

/* Begin PBXProject section */
		5282A9EA25F3CFD50088D1C6 /* Project object */ = {
			isa = PBXProject;
			attributes = {
			};
			buildConfigurationList = 5282A9ED25F3CFD50088D1C6 /* Build configuration list for PBXProject "ncurses_programs" */;
			compatibilityVersion = "Xcode 9.3";
			developmentRegion = en;
			hasScannedForEncodings = 0;
			knownRegions = (
				en,
				Base,
			);
			mainGroup = 5282A9E925F3CFD50088D1C6;
			projectDirPath = "";
			projectRoot = "";
			targets = (
				5282A9EE25F3CFD50088D1C6 /* ncurses_programs */,
			);
		};
/* End PBXProject section */

/* Begin XCBuildConfiguration section */
		5282A9EB25F3CFD50088D1C6 /* Debug */ = {
			isa = XCBuildConfiguration;
			buildSettings = {
				ARCHS = "$(ARCHS_STANDARD_32_BIT)";
				COPY_PHASE_STRIP = NO;
				GCC_WARN_ABOUT_RETURN_TYPE = YES;
				GCC_WARN_UNUSED_VARIABLE = YES;
				ONLY_ACTIVE_ARCH = YES;
				SDKROOT = macosx10.6;
			};
			name = Debug;
		};
		5282A9EC25F3CFD50088D1C6 /* Release */ = {
			isa = XCBuildConfiguration;
			buildSettings = {
				ARCHS = "$(ARCHS_STANDARD_32_BIT)";
				COPY_PHASE_STRIP = YES;
				GCC_WARN_ABOUT_RETURN_TYPE = YES;
				GCC_WARN_UNUSED_VARIABLE = YES;
				SDKROOT = macosx10.6;
			};
			name = Release;
		};
		5282A9FB25F3CFD50088D1C6 /* Debug */ = {
			isa = XCBuildConfiguration;
			buildSettings = {
				COPY_PHASE_STRIP = NO;
				DEBUGGING_SYMBOLS = YES;
				GCC_DYNAMIC_NO_PIC = NO;
				GCC_ENABLE_FIX_AND_CONTINUE = YES;
				GCC_GENERATE_DEBUGGING_SYMBOLS = YES;
				GCC_OPTIMIZATION_LEVEL = 0;
				OTHER_CFLAGS = "";
				OTHER_LDFLAGS = "";
				PRODUCT_NAME = ncurses_programs;
			};
			name = Debug;
		};
		5282A9FC25F3CFD50088D1C6 /* Release */ = {
			isa = XCBuildConfiguration;
			buildSettings = {
				COPY_PHASE_STRIP = YES;
				DEBUG_INFORMATION_FORMAT = "dwarf-with-dsym";
				GCC_ENABLE_FIX_AND_CONTINUE = NO;
				OTHER_CFLAGS = "";
				OTHER_LDFLAGS = "";
				PRODUCT_NAME = ncurses_programs;
			};
			name = Release;
		};
/* End XCBuildConfiguration section */

/* Begin XCConfigurationList section */
		5282A9ED25F3CFD50088D1C6 /* Build configuration list for PBXProject "ncurses_programs" */ = {
			isa = XCConfigurationList;
			buildConfigurations = (
				5282A9EB25F3CFD50088D1C6 /* Debug */,
				5282A9EC25F3CFD50088D1C6 /* Release */,
			);
			defaultConfigurationIsVisible = 0;
			defaultConfigurationName = Release;
		};
		5282A9FA25F3CFD50088D1C6 /* Build configuration list for PBXLegacyTarget "ncurses_programs" */ = {
			isa = XCConfigurationList;
			buildConfigurations = (
				5282A9FB25F3CFD50088D1C6 /* Debug */,
				5282A9FC25F3CFD50088D1C6 /* Release */,
			);
			defaultConfigurationIsVisible = 0;
			defaultConfigurationName = Release;
		};
/* End XCConfigurationList section */
	};
	rootObject = 5282A9EA25F3CFD50088D1C6 /* Project object */;
}
